// !$*UTF8*$!
{
	archiveVersion = 1;
	classes = {
	};
	objectVersion = 56;
	objects = {

/* Begin PBXBuildFile section */
		472D95F7293E800A00693D63 /* AppDelegate.swift in Sources */ = {isa = PBXBuildFile; fileRef = 472D95F6293E800A00693D63 /* AppDelegate.swift */; };
		472D95F9293E800A00693D63 /* SceneDelegate.swift in Sources */ = {isa = PBXBuildFile; fileRef = 472D95F8293E800A00693D63 /* SceneDelegate.swift */; };
		472D95FB293E800A00693D63 /* ViewController.swift in Sources */ = {isa = PBXBuildFile; fileRef = 472D95FA293E800A00693D63 /* ViewController.swift */; };
		472D95FE293E800A00693D63 /* Main.storyboard in Resources */ = {isa = PBXBuildFile; fileRef = 472D95FC293E800A00693D63 /* Main.storyboard */; };
		472D9600293E800B00693D63 /* Assets.xcassets in Resources */ = {isa = PBXBuildFile; fileRef = 472D95FF293E800B00693D63 /* Assets.xcassets */; };
		472D9603293E800B00693D63 /* LaunchScreen.storyboard in Resources */ = {isa = PBXBuildFile; fileRef = 472D9601293E800B00693D63 /* LaunchScreen.storyboard */; };
		472D960E293E800C00693D63 /* MessageAppTests.swift in Sources */ = {isa = PBXBuildFile; fileRef = 472D960D293E800C00693D63 /* MessageAppTests.swift */; };
		472D9618293E800C00693D63 /* MessageAppUITests.swift in Sources */ = {isa = PBXBuildFile; fileRef = 472D9617293E800C00693D63 /* MessageAppUITests.swift */; };
		472D961A293E800C00693D63 /* MessageAppUITestsLaunchTests.swift in Sources */ = {isa = PBXBuildFile; fileRef = 472D9619293E800C00693D63 /* MessageAppUITestsLaunchTests.swift */; };
/* End PBXBuildFile section */

/* Begin PBXContainerItemProxy section */
		472D960A293E800C00693D63 /* PBXContainerItemProxy */ = {
			isa = PBXContainerItemProxy;
			containerPortal = 472D95EB293E800A00693D63 /* Project object */;
			proxyType = 1;
			remoteGlobalIDString = 472D95F2293E800A00693D63;
			remoteInfo = MessageApp;
		};
		472D9614293E800C00693D63 /* PBXContainerItemProxy */ = {
			isa = PBXContainerItemProxy;
			containerPortal = 472D95EB293E800A00693D63 /* Project object */;
			proxyType = 1;
			remoteGlobalIDString = 472D95F2293E800A00693D63;
			remoteInfo = MessageApp;
		};
/* End PBXContainerItemProxy section */

/* Begin PBXFileReference section */
		472D95F3293E800A00693D63 /* MessageApp.app */ = {isa = PBXFileReference; explicitFileType = wrapper.application; includeInIndex = 0; path = MessageApp.app; sourceTree = BUILT_PRODUCTS_DIR; };
		472D95F6293E800A00693D63 /* AppDelegate.swift */ = {isa = PBXFileReference; lastKnownFileType = sourcecode.swift; path = AppDelegate.swift; sourceTree = "<group>"; };
		472D95F8293E800A00693D63 /* SceneDelegate.swift */ = {isa = PBXFileReference; lastKnownFileType = sourcecode.swift; path = SceneDelegate.swift; sourceTree = "<group>"; };
		472D95FA293E800A00693D63 /* ViewController.swift */ = {isa = PBXFileReference; lastKnownFileType = sourcecode.swift; path = ViewController.swift; sourceTree = "<group>"; };
		472D95FD293E800A00693D63 /* Base */ = {isa = PBXFileReference; lastKnownFileType = file.storyboard; name = Base; path = Base.lproj/Main.storyboard; sourceTree = "<group>"; };
		472D95FF293E800B00693D63 /* Assets.xcassets */ = {isa = PBXFileReference; lastKnownFileType = folder.assetcatalog; path = Assets.xcassets; sourceTree = "<group>"; };
		472D9602293E800B00693D63 /* Base */ = {isa = PBXFileReference; lastKnownFileType = file.storyboard; name = Base; path = Base.lproj/LaunchScreen.storyboard; sourceTree = "<group>"; };
		472D9604293E800B00693D63 /* Info.plist */ = {isa = PBXFileReference; lastKnownFileType = text.plist.xml; path = Info.plist; sourceTree = "<group>"; };
		472D9609293E800C00693D63 /* MessageAppTests.xctest */ = {isa = PBXFileReference; explicitFileType = wrapper.cfbundle; includeInIndex = 0; path = MessageAppTests.xctest; sourceTree = BUILT_PRODUCTS_DIR; };
		472D960D293E800C00693D63 /* MessageAppTests.swift */ = {isa = PBXFileReference; lastKnownFileType = sourcecode.swift; path = MessageAppTests.swift; sourceTree = "<group>"; };
		472D9613293E800C00693D63 /* MessageAppUITests.xctest */ = {isa = PBXFileReference; explicitFileType = wrapper.cfbundle; includeInIndex = 0; path = MessageAppUITests.xctest; sourceTree = BUILT_PRODUCTS_DIR; };
		472D9617293E800C00693D63 /* MessageAppUITests.swift */ = {isa = PBXFileReference; lastKnownFileType = sourcecode.swift; path = MessageAppUITests.swift; sourceTree = "<group>"; };
		472D9619293E800C00693D63 /* MessageAppUITestsLaunchTests.swift */ = {isa = PBXFileReference; lastKnownFileType = sourcecode.swift; path = MessageAppUITestsLaunchTests.swift; sourceTree = "<group>"; };
/* End PBXFileReference section */

/* Begin PBXFrameworksBuildPhase section */
		472D95F0293E800A00693D63 /* Frameworks */ = {
			isa = PBXFrameworksBuildPhase;
			buildActionMask = 2147483647;
			files = (
			);
			runOnlyForDeploymentPostprocessing = 0;
		};
		472D9606293E800C00693D63 /* Frameworks */ = {
			isa = PBXFrameworksBuildPhase;
			buildActionMask = 2147483647;
			files = (
			);
			runOnlyForDeploymentPostprocessing = 0;
		};
		472D9610293E800C00693D63 /* Frameworks */ = {
			isa = PBXFrameworksBuildPhase;
			buildActionMask = 2147483647;
			files = (
			);
			runOnlyForDeploymentPostprocessing = 0;
		};
/* End PBXFrameworksBuildPhase section */

/* Begin PBXGroup section */
		472D95EA293E800A00693D63 = {
			isa = PBXGroup;
			children = (
				472D95F5293E800A00693D63 /* MessageApp */,
				472D960C293E800C00693D63 /* MessageAppTests */,
				472D9616293E800C00693D63 /* MessageAppUITests */,
				472D95F4293E800A00693D63 /* Products */,
			);
			sourceTree = "<group>";
		};
		472D95F4293E800A00693D63 /* Products */ = {
			isa = PBXGroup;
			children = (
				472D95F3293E800A00693D63 /* MessageApp.app */,
				472D9609293E800C00693D63 /* MessageAppTests.xctest */,
				472D9613293E800C00693D63 /* MessageAppUITests.xctest */,
			);
			name = Products;
			sourceTree = "<group>";
		};
		472D95F5293E800A00693D63 /* MessageApp */ = {
			isa = PBXGroup;
			children = (
				472D95F6293E800A00693D63 /* AppDelegate.swift */,
				472D95F8293E800A00693D63 /* SceneDelegate.swift */,
				472D95FA293E800A00693D63 /* ViewController.swift */,
				472D95FC293E800A00693D63 /* Main.storyboard */,
				472D95FF293E800B00693D63 /* Assets.xcassets */,
				472D9601293E800B00693D63 /* LaunchScreen.storyboard */,
				472D9604293E800B00693D63 /* Info.plist */,
			);
			path = MessageApp;
			sourceTree = "<group>";
		};
		472D960C293E800C00693D63 /* MessageAppTests */ = {
			isa = PBXGroup;
			children = (
				472D960D293E800C00693D63 /* MessageAppTests.swift */,
			);
			path = MessageAppTests;
			sourceTree = "<group>";
		};
		472D9616293E800C00693D63 /* MessageAppUITests */ = {
			isa = PBXGroup;
			children = (
				472D9617293E800C00693D63 /* MessageAppUITests.swift */,
				472D9619293E800C00693D63 /* MessageAppUITestsLaunchTests.swift */,
			);
			path = MessageAppUITests;
			sourceTree = "<group>";
		};
/* End PBXGroup section */

/* Begin PBXNativeTarget section */
		472D95F2293E800A00693D63 /* MessageApp */ = {
			isa = PBXNativeTarget;
			buildConfigurationList = 472D961D293E800C00693D63 /* Build configuration list for PBXNativeTarget "MessageApp" */;
			buildPhases = (
				472D95EF293E800A00693D63 /* Sources */,
				472D95F0293E800A00693D63 /* Frameworks */,
				472D95F1293E800A00693D63 /* Resources */,
			);
			buildRules = (
			);
			dependencies = (
			);
			name = MessageApp;
			productName = MessageApp;
			productReference = 472D95F3293E800A00693D63 /* MessageApp.app */;
			productType = "com.apple.product-type.application";
		};
		472D9608293E800C00693D63 /* MessageAppTests */ = {
			isa = PBXNativeTarget;
			buildConfigurationList = 472D9620293E800C00693D63 /* Build configuration list for PBXNativeTarget "MessageAppTests" */;
			buildPhases = (
				472D9605293E800C00693D63 /* Sources */,
				472D9606293E800C00693D63 /* Frameworks */,
				472D9607293E800C00693D63 /* Resources */,
			);
			buildRules = (
			);
			dependencies = (
				472D960B293E800C00693D63 /* PBXTargetDependency */,
			);
			name = MessageAppTests;
			productName = MessageAppTests;
			productReference = 472D9609293E800C00693D63 /* MessageAppTests.xctest */;
			productType = "com.apple.product-type.bundle.unit-test";
		};
		472D9612293E800C00693D63 /* MessageAppUITests */ = {
			isa = PBXNativeTarget;
			buildConfigurationList = 472D9623293E800C00693D63 /* Build configuration list for PBXNativeTarget "MessageAppUITests" */;
			buildPhases = (
				472D960F293E800C00693D63 /* Sources */,
				472D9610293E800C00693D63 /* Frameworks */,
				472D9611293E800C00693D63 /* Resources */,
			);
			buildRules = (
			);
			dependencies = (
				472D9615293E800C00693D63 /* PBXTargetDependency */,
			);
			name = MessageAppUITests;
			productName = MessageAppUITests;
			productReference = 472D9613293E800C00693D63 /* MessageAppUITests.xctest */;
			productType = "com.apple.product-type.bundle.ui-testing";
		};
/* End PBXNativeTarget section */

/* Begin PBXProject section */
		472D95EB293E800A00693D63 /* Project object */ = {
			isa = PBXProject;
			attributes = {
				BuildIndependentTargetsInParallel = 1;
				LastSwiftUpdateCheck = 1410;
				LastUpgradeCheck = 1410;
				TargetAttributes = {
					472D95F2293E800A00693D63 = {
						CreatedOnToolsVersion = 14.1;
					};
					472D9608293E800C00693D63 = {
						CreatedOnToolsVersion = 14.1;
						TestTargetID = 472D95F2293E800A00693D63;
					};
					472D9612293E800C00693D63 = {
						CreatedOnToolsVersion = 14.1;
						TestTargetID = 472D95F2293E800A00693D63;
					};
				};
			};
			buildConfigurationList = 472D95EE293E800A00693D63 /* Build configuration list for PBXProject "MessageApp" */;
			compatibilityVersion = "Xcode 14.0";
			developmentRegion = en;
			hasScannedForEncodings = 0;
			knownRegions = (
				en,
				Base,
			);
			mainGroup = 472D95EA293E800A00693D63;
			productRefGroup = 472D95F4293E800A00693D63 /* Products */;
			projectDirPath = "";
			projectRoot = "";
			targets = (
				472D95F2293E800A00693D63 /* MessageApp */,
				472D9608293E800C00693D63 /* MessageAppTests */,
				472D9612293E800C00693D63 /* MessageAppUITests */,
			);
		};
/* End PBXProject section */

/* Begin PBXResourcesBuildPhase section */
		472D95F1293E800A00693D63 /* Resources */ = {
			isa = PBXResourcesBuildPhase;
			buildActionMask = 2147483647;
			files = (
				472D9603293E800B00693D63 /* LaunchScreen.storyboard in Resources */,
				472D9600293E800B00693D63 /* Assets.xcassets in Resources */,
				472D95FE293E800A00693D63 /* Main.storyboard in Resources */,
			);
			runOnlyForDeploymentPostprocessing = 0;
		};
		472D9607293E800C00693D63 /* Resources */ = {
			isa = PBXResourcesBuildPhase;
			buildActionMask = 2147483647;
			files = (
			);
			runOnlyForDeploymentPostprocessing = 0;
		};
		472D9611293E800C00693D63 /* Resources */ = {
			isa = PBXResourcesBuildPhase;
			buildActionMask = 2147483647;
			files = (
			);
			runOnlyForDeploymentPostprocessing = 0;
		};
/* End PBXResourcesBuildPhase section */

/* Begin PBXSourcesBuildPhase section */
		472D95EF293E800A00693D63 /* Sources */ = {
			isa = PBXSourcesBuildPhase;
			buildActionMask = 2147483647;
			files = (
				472D95FB293E800A00693D63 /* ViewController.swift in Sources */,
				472D95F7293E800A00693D63 /* AppDelegate.swift in Sources */,
				472D95F9293E800A00693D63 /* SceneDelegate.swift in Sources */,
			);
			runOnlyForDeploymentPostprocessing = 0;
		};
		472D9605293E800C00693D63 /* Sources */ = {
			isa = PBXSourcesBuildPhase;
			buildActionMask = 2147483647;
			files = (
				472D960E293E800C00693D63 /* MessageAppTests.swift in Sources */,
			);
			runOnlyForDeploymentPostprocessing = 0;
		};
		472D960F293E800C00693D63 /* Sources */ = {
			isa = PBXSourcesBuildPhase;
			buildActionMask = 2147483647;
			files = (
				472D961A293E800C00693D63 /* MessageAppUITestsLaunchTests.swift in Sources */,
				472D9618293E800C00693D63 /* MessageAppUITests.swift in Sources */,
			);
			runOnlyForDeploymentPostprocessing = 0;
		};
/* End PBXSourcesBuildPhase section */

/* Begin PBXTargetDependency section */
		472D960B293E800C00693D63 /* PBXTargetDependency */ = {
			isa = PBXTargetDependency;
			target = 472D95F2293E800A00693D63 /* MessageApp */;
			targetProxy = 472D960A293E800C00693D63 /* PBXContainerItemProxy */;
		};
		472D9615293E800C00693D63 /* PBXTargetDependency */ = {
			isa = PBXTargetDependency;
			target = 472D95F2293E800A00693D63 /* MessageApp */;
			targetProxy = 472D9614293E800C00693D63 /* PBXContainerItemProxy */;
		};
/* End PBXTargetDependency section */

/* Begin PBXVariantGroup section */
		472D95FC293E800A00693D63 /* Main.storyboard */ = {
			isa = PBXVariantGroup;
			children = (
				472D95FD293E800A00693D63 /* Base */,
			);
			name = Main.storyboard;
			sourceTree = "<group>";
		};
		472D9601293E800B00693D63 /* LaunchScreen.storyboard */ = {
			isa = PBXVariantGroup;
			children = (
				472D9602293E800B00693D63 /* Base */,
			);
			name = LaunchScreen.storyboard;
			sourceTree = "<group>";
		};
/* End PBXVariantGroup section */

/* Begin XCBuildConfiguration section */
		472D961B293E800C00693D63 /* Debug */ = {
			isa = XCBuildConfiguration;
			buildSettings = {
				ALWAYS_SEARCH_USER_PATHS = NO;
				CLANG_ANALYZER_NONNULL = YES;
				CLANG_ANALYZER_NUMBER_OBJECT_CONVERSION = YES_AGGRESSIVE;
				CLANG_CXX_LANGUAGE_STANDARD = "gnu++20";
				CLANG_ENABLE_MODULES = YES;
				CLANG_ENABLE_OBJC_ARC = YES;
				CLANG_ENABLE_OBJC_WEAK = YES;
				CLANG_WARN_BLOCK_CAPTURE_AUTORELEASING = YES;
				CLANG_WARN_BOOL_CONVERSION = YES;
				CLANG_WARN_COMMA = YES;
				CLANG_WARN_CONSTANT_CONVERSION = YES;
				CLANG_WARN_DEPRECATED_OBJC_IMPLEMENTATIONS = YES;
				CLANG_WARN_DIRECT_OBJC_ISA_USAGE = YES_ERROR;
				CLANG_WARN_DOCUMENTATION_COMMENTS = YES;
				CLANG_WARN_EMPTY_BODY = YES;
				CLANG_WARN_ENUM_CONVERSION = YES;
				CLANG_WARN_INFINITE_RECURSION = YES;
				CLANG_WARN_INT_CONVERSION = YES;
				CLANG_WARN_NON_LITERAL_NULL_CONVERSION = YES;
				CLANG_WARN_OBJC_IMPLICIT_RETAIN_SELF = YES;
				CLANG_WARN_OBJC_LITERAL_CONVERSION = YES;
				CLANG_WARN_OBJC_ROOT_CLASS = YES_ERROR;
				CLANG_WARN_QUOTED_INCLUDE_IN_FRAMEWORK_HEADER = YES;
				CLANG_WARN_RANGE_LOOP_ANALYSIS = YES;
				CLANG_WARN_STRICT_PROTOTYPES = YES;
				CLANG_WARN_SUSPICIOUS_MOVE = YES;
				CLANG_WARN_UNGUARDED_AVAILABILITY = YES_AGGRESSIVE;
				CLANG_WARN_UNREACHABLE_CODE = YES;
				CLANG_WARN__DUPLICATE_METHOD_MATCH = YES;
				COPY_PHASE_STRIP = NO;
				DEBUG_INFORMATION_FORMAT = dwarf;
				ENABLE_STRICT_OBJC_MSGSEND = YES;
				ENABLE_TESTABILITY = YES;
				GCC_C_LANGUAGE_STANDARD = gnu11;
				GCC_DYNAMIC_NO_PIC = NO;
				GCC_NO_COMMON_BLOCKS = YES;
				GCC_OPTIMIZATION_LEVEL = 0;
				GCC_PREPROCESSOR_DEFINITIONS = (
					"DEBUG=1",
					"$(inherited)",
				);
				GCC_WARN_64_TO_32_BIT_CONVERSION = YES;
				GCC_WARN_ABOUT_RETURN_TYPE = YES_ERROR;
				GCC_WARN_UNDECLARED_SELECTOR = YES;
				GCC_WARN_UNINITIALIZED_AUTOS = YES_AGGRESSIVE;
				GCC_WARN_UNUSED_FUNCTION = YES;
				GCC_WARN_UNUSED_VARIABLE = YES;
				IPHONEOS_DEPLOYMENT_TARGET = 16.1;
				MTL_ENABLE_DEBUG_INFO = INCLUDE_SOURCE;
				MTL_FAST_MATH = YES;
				ONLY_ACTIVE_ARCH = YES;
				SDKROOT = iphoneos;
				SWIFT_ACTIVE_COMPILATION_CONDITIONS = DEBUG;
				SWIFT_OPTIMIZATION_LEVEL = "-Onone";
			};
			name = Debug;
		};
		472D961C293E800C00693D63 /* Release */ = {
			isa = XCBuildConfiguration;
			buildSettings = {
				ALWAYS_SEARCH_USER_PATHS = NO;
				CLANG_ANALYZER_NONNULL = YES;
				CLANG_ANALYZER_NUMBER_OBJECT_CONVERSION = YES_AGGRESSIVE;
				CLANG_CXX_LANGUAGE_STANDARD = "gnu++20";
				CLANG_ENABLE_MODULES = YES;
				CLANG_ENABLE_OBJC_ARC = YES;
				CLANG_ENABLE_OBJC_WEAK = YES;
				CLANG_WARN_BLOCK_CAPTURE_AUTORELEASING = YES;
				CLANG_WARN_BOOL_CONVERSION = YES;
				CLANG_WARN_COMMA = YES;
				CLANG_WARN_CONSTANT_CONVERSION = YES;
				CLANG_WARN_DEPRECATED_OBJC_IMPLEMENTATIONS = YES;
				CLANG_WARN_DIRECT_OBJC_ISA_USAGE = YES_ERROR;
				CLANG_WARN_DOCUMENTATION_COMMENTS = YES;
				CLANG_WARN_EMPTY_BODY = YES;
				CLANG_WARN_ENUM_CONVERSION = YES;
				CLANG_WARN_INFINITE_RECURSION = YES;
				CLANG_WARN_INT_CONVERSION = YES;
				CLANG_WARN_NON_LITERAL_NULL_CONVERSION = YES;
				CLANG_WARN_OBJC_IMPLICIT_RETAIN_SELF = YES;
				CLANG_WARN_OBJC_LITERAL_CONVERSION = YES;
				CLANG_WARN_OBJC_ROOT_CLASS = YES_ERROR;
				CLANG_WARN_QUOTED_INCLUDE_IN_FRAMEWORK_HEADER = YES;
				CLANG_WARN_RANGE_LOOP_ANALYSIS = YES;
				CLANG_WARN_STRICT_PROTOTYPES = YES;
				CLANG_WARN_SUSPICIOUS_MOVE = YES;
				CLANG_WARN_UNGUARDED_AVAILABILITY = YES_AGGRESSIVE;
				CLANG_WARN_UNREACHABLE_CODE = YES;
				CLANG_WARN__DUPLICATE_METHOD_MATCH = YES;
				COPY_PHASE_STRIP = NO;
				DEBUG_INFORMATION_FORMAT = "dwarf-with-dsym";
				ENABLE_NS_ASSERTIONS = NO;
				ENABLE_STRICT_OBJC_MSGSEND = YES;
				GCC_C_LANGUAGE_STANDARD = gnu11;
				GCC_NO_COMMON_BLOCKS = YES;
				GCC_WARN_64_TO_32_BIT_CONVERSION = YES;
				GCC_WARN_ABOUT_RETURN_TYPE = YES_ERROR;
				GCC_WARN_UNDECLARED_SELECTOR = YES;
				GCC_WARN_UNINITIALIZED_AUTOS = YES_AGGRESSIVE;
				GCC_WARN_UNUSED_FUNCTION = YES;
				GCC_WARN_UNUSED_VARIABLE = YES;
				IPHONEOS_DEPLOYMENT_TARGET = 16.1;
				MTL_ENABLE_DEBUG_INFO = NO;
				MTL_FAST_MATH = YES;
				SDKROOT = iphoneos;
				SWIFT_COMPILATION_MODE = wholemodule;
				SWIFT_OPTIMIZATION_LEVEL = "-O";
				VALIDATE_PRODUCT = YES;
			};
			name = Release;
		};
		472D961E293E800C00693D63 /* Debug */ = {
			isa = XCBuildConfiguration;
			buildSettings = {
				ASSETCATALOG_COMPILER_APPICON_NAME = AppIcon;
				ASSETCATALOG_COMPILER_GLOBAL_ACCENT_COLOR_NAME = AccentColor;
				CODE_SIGN_STYLE = Automatic;
				CURRENT_PROJECT_VERSION = 1;
				DEVELOPMENT_TEAM = M4FU53YXV7;
				GENERATE_INFOPLIST_FILE = YES;
				INFOPLIST_FILE = MessageApp/Info.plist;
				INFOPLIST_KEY_UIApplicationSupportsIndirectInputEvents = YES;
				INFOPLIST_KEY_UILaunchStoryboardName = LaunchScreen;
				INFOPLIST_KEY_UIMainStoryboardFile = Main;
				INFOPLIST_KEY_UISupportedInterfaceOrientations_iPad = "UIInterfaceOrientationPortrait UIInterfaceOrientationPortraitUpsideDown UIInterfaceOrientationLandscapeLeft UIInterfaceOrientationLandscapeRight";
				INFOPLIST_KEY_UISupportedInterfaceOrientations_iPhone = "UIInterfaceOrientationPortrait UIInterfaceOrientationLandscapeLeft UIInterfaceOrientationLandscapeRight";
				LD_RUNPATH_SEARCH_PATHS = (
					"$(inherited)",
					"@executable_path/Frameworks",
				);
				MARKETING_VERSION = 1.0;
				PRODUCT_BUNDLE_IDENTIFIER = "bb-card.MessageApp";
				PRODUCT_NAME = "$(TARGET_NAME)";
				SWIFT_EMIT_LOC_STRINGS = YES;
				SWIFT_VERSION = 5.0;
				TARGETED_DEVICE_FAMILY = "1,2";
			};
			name = Debug;
		};
		472D961F293E800C00693D63 /* Release */ = {
			isa = XCBuildConfiguration;
			buildSettings = {
				ASSETCATALOG_COMPILER_APPICON_NAME = AppIcon;
				ASSETCATALOG_COMPILER_GLOBAL_ACCENT_COLOR_NAME = AccentColor;
				CODE_SIGN_STYLE = Automatic;
				CURRENT_PROJECT_VERSION = 1;
				DEVELOPMENT_TEAM = M4FU53YXV7;
				GENERATE_INFOPLIST_FILE = YES;
				INFOPLIST_FILE = MessageApp/Info.plist;
				INFOPLIST_KEY_UIApplicationSupportsIndirectInputEvents = YES;
				INFOPLIST_KEY_UILaunchStoryboardName = LaunchScreen;
				INFOPLIST_KEY_UIMainStoryboardFile = Main;
				INFOPLIST_KEY_UISupportedInterfaceOrientations_iPad = "UIInterfaceOrientationPortrait UIInterfaceOrientationPortraitUpsideDown UIInterfaceOrientationLandscapeLeft UIInterfaceOrientationLandscapeRight";
				INFOPLIST_KEY_UISupportedInterfaceOrientations_iPhone = "UIInterfaceOrientationPortrait UIInterfaceOrientationLandscapeLeft UIInterfaceOrientationLandscapeRight";
				LD_RUNPATH_SEARCH_PATHS = (
					"$(inherited)",
					"@executable_path/Frameworks",
				);
				MARKETING_VERSION = 1.0;
				PRODUCT_BUNDLE_IDENTIFIER = "bb-card.MessageApp";
				PRODUCT_NAME = "$(TARGET_NAME)";
				SWIFT_EMIT_LOC_STRINGS = YES;
				SWIFT_VERSION = 5.0;
				TARGETED_DEVICE_FAMILY = "1,2";
			};
			name = Release;
		};
		472D9621293E800C00693D63 /* Debug */ = {
			isa = XCBuildConfiguration;
			buildSettings = {
				ALWAYS_EMBED_SWIFT_STANDARD_LIBRARIES = YES;
				BUNDLE_LOADER = "$(TEST_HOST)";
				CODE_SIGN_STYLE = Automatic;
				CURRENT_PROJECT_VERSION = 1;
				DEVELOPMENT_TEAM = M4FU53YXV7;
				GENERATE_INFOPLIST_FILE = YES;
				IPHONEOS_DEPLOYMENT_TARGET = 16.1;
				MARKETING_VERSION = 1.0;
				PRODUCT_BUNDLE_IDENTIFIER = "bb-card.MessageAppTests";
				PRODUCT_NAME = "$(TARGET_NAME)";
				SWIFT_EMIT_LOC_STRINGS = NO;
				SWIFT_VERSION = 5.0;
				TARGETED_DEVICE_FAMILY = "1,2";
				TEST_HOST = "$(BUILT_PRODUCTS_DIR)/MessageApp.app/$(BUNDLE_EXECUTABLE_FOLDER_PATH)/MessageApp";
			};
			name = Debug;
		};
		472D9622293E800C00693D63 /* Release */ = {
			isa = XCBuildConfiguration;
			buildSettings = {
				ALWAYS_EMBED_SWIFT_STANDARD_LIBRARIES = YES;
				BUNDLE_LOADER = "$(TEST_HOST)";
				CODE_SIGN_STYLE = Automatic;
				CURRENT_PROJECT_VERSION = 1;
				DEVELOPMENT_TEAM = M4FU53YXV7;
				GENERATE_INFOPLIST_FILE = YES;
				IPHONEOS_DEPLOYMENT_TARGET = 16.1;
				MARKETING_VERSION = 1.0;
				PRODUCT_BUNDLE_IDENTIFIER = "bb-card.MessageAppTests";
				PRODUCT_NAME = "$(TARGET_NAME)";
				SWIFT_EMIT_LOC_STRINGS = NO;
				SWIFT_VERSION = 5.0;
				TARGETED_DEVICE_FAMILY = "1,2";
				TEST_HOST = "$(BUILT_PRODUCTS_DIR)/MessageApp.app/$(BUNDLE_EXECUTABLE_FOLDER_PATH)/MessageApp";
			};
			name = Release;
		};
		472D9624293E800C00693D63 /* Debug */ = {
			isa = XCBuildConfiguration;
			buildSettings = {
				ALWAYS_EMBED_SWIFT_STANDARD_LIBRARIES = YES;
				CODE_SIGN_STYLE = Automatic;
				CURRENT_PROJECT_VERSION = 1;
				DEVELOPMENT_TEAM = M4FU53YXV7;
				GENERATE_INFOPLIST_FILE = YES;
				MARKETING_VERSION = 1.0;
				PRODUCT_BUNDLE_IDENTIFIER = "bb-card.MessageAppUITests";
				PRODUCT_NAME = "$(TARGET_NAME)";
				SWIFT_EMIT_LOC_STRINGS = NO;
				SWIFT_VERSION = 5.0;
				TARGETED_DEVICE_FAMILY = "1,2";
				TEST_TARGET_NAME = MessageApp;
			};
			name = Debug;
		};
		472D9625293E800C00693D63 /* Release */ = {
			isa = XCBuildConfiguration;
			buildSettings = {
				ALWAYS_EMBED_SWIFT_STANDARD_LIBRARIES = YES;
				CODE_SIGN_STYLE = Automatic;
				CURRENT_PROJECT_VERSION = 1;
				DEVELOPMENT_TEAM = M4FU53YXV7;
				GENERATE_INFOPLIST_FILE = YES;
				MARKETING_VERSION = 1.0;
				PRODUCT_BUNDLE_IDENTIFIER = "bb-card.MessageAppUITests";
				PRODUCT_NAME = "$(TARGET_NAME)";
				SWIFT_EMIT_LOC_STRINGS = NO;
				SWIFT_VERSION = 5.0;
				TARGETED_DEVICE_FAMILY = "1,2";
				TEST_TARGET_NAME = MessageApp;
			};
			name = Release;
		};
/* End XCBuildConfiguration section */

/* Begin XCConfigurationList section */
		472D95EE293E800A00693D63 /* Build configuration list for PBXProject "MessageApp" */ = {
			isa = XCConfigurationList;
			buildConfigurations = (
				472D961B293E800C00693D63 /* Debug */,
				472D961C293E800C00693D63 /* Release */,
			);
			defaultConfigurationIsVisible = 0;
			defaultConfigurationName = Release;
		};
		472D961D293E800C00693D63 /* Build configuration list for PBXNativeTarget "MessageApp" */ = {
			isa = XCConfigurationList;
			buildConfigurations = (
				472D961E293E800C00693D63 /* Debug */,
				472D961F293E800C00693D63 /* Release */,
			);
			defaultConfigurationIsVisible = 0;
			defaultConfigurationName = Release;
		};
		472D9620293E800C00693D63 /* Build configuration list for PBXNativeTarget "MessageAppTests" */ = {
			isa = XCConfigurationList;
			buildConfigurations = (
				472D9621293E800C00693D63 /* Debug */,
				472D9622293E800C00693D63 /* Release */,
			);
			defaultConfigurationIsVisible = 0;
			defaultConfigurationName = Release;
		};
		472D9623293E800C00693D63 /* Build configuration list for PBXNativeTarget "MessageAppUITests" */ = {
			isa = XCConfigurationList;
			buildConfigurations = (
				472D9624293E800C00693D63 /* Debug */,
				472D9625293E800C00693D63 /* Release */,
			);
			defaultConfigurationIsVisible = 0;
			defaultConfigurationName = Release;
		};
/* End XCConfigurationList section */
	};
	rootObject = 472D95EB293E800A00693D63 /* Project object */;
}
